
Microsoft Visual Studio Solution File, Format Version 12.00
# Visual Studio 15
VisualStudioVersion = 15.0.27703.2042
MinimumVisualStudioVersion = 10.0.40219.1
Project("{FAE04EC0-301F-11D3-BF4B-00C04F79EFBC}") = "25_01_2019_classWork", "25_01_2019_classWork\25_01_2019_classWork.csproj", "{4CD65EDC-706B-4CD1-B01E-AF69078EE0B0}"
EndProject
Global
	GlobalSection(SolutionConfigurationPlatforms) = preSolution
		Debug|Any CPU = Debug|Any CPU
		Release|Any CPU = Release|Any CPU
	EndGlobalSection
	GlobalSection(ProjectConfigurationPlatforms) = postSolution
		{4CD65EDC-706B-4CD1-B01E-AF69078EE0B0}.Debug|Any CPU.ActiveCfg = Debug|Any CPU
		{4CD65EDC-706B-4CD1-B01E-AF69078EE0B0}.Debug|Any CPU.Build.0 = Debug|Any CPU
		{4CD65EDC-706B-4CD1-B01E-AF69078EE0B0}.Release|Any CPU.ActiveCfg = Release|Any CPU
		{4CD65EDC-706B-4CD1-B01E-AF69078EE0B0}.Release|Any CPU.Build.0 = Release|Any CPU
	EndGlobalSection
	GlobalSection(SolutionProperties) = preSolution
		HideSolutionNode = FALSE
	EndGlobalSection
	GlobalSection(ExtensibilityGlobals) = postSolution
		SolutionGuid = {22EAF474-0111-47E7-AA2E-85E783C3E4D0}
	EndGlobalSection
EndGlobal
